
Microsoft Visual Studio Solution File, Format Version 12.00
# Visual Studio Version 17
VisualStudioVersion = 17.5.002.0
MinimumVisualStudioVersion = 10.0.40219.1
Project("{2150E333-8FDC-42A3-9474-1A3956D46DE8}") = "backend", "backend", "{5C9D3728-D6B8-4800-AED3-62B39DDCFF10}"
EndProject
Project("{9A19103F-16F7-4668-BE54-9A1E7A4F7556}") = "api", "backend\api\api.csproj", "{F7DA4C56-3A07-4D4C-8611-79807C0A4FD3}"
EndProject
Global
	GlobalSection(SolutionConfigurationPlatforms) = preSolution
		Debug|Any CPU = Debug|Any CPU
		Release|Any CPU = Release|Any CPU
	EndGlobalSection
	GlobalSection(ProjectConfigurationPlatforms) = postSolution
		{F7DA4C56-3A07-4D4C-8611-79807C0A4FD3}.Debug|Any CPU.ActiveCfg = Debug|Any CPU
		{F7DA4C56-3A07-4D4C-8611-79807C0A4FD3}.Debug|Any CPU.Build.0 = Debug|Any CPU
		{F7DA4C56-3A07-4D4C-8611-79807C0A4FD3}.Release|Any CPU.ActiveCfg = Release|Any CPU
		{F7DA4C56-3A07-4D4C-8611-79807C0A4FD3}.Release|Any CPU.Build.0 = Release|Any CPU
	EndGlobalSection
	GlobalSection(SolutionProperties) = preSolution
		HideSolutionNode = FALSE
	EndGlobalSection
	GlobalSection(NestedProjects) = preSolution
		{F7DA4C56-3A07-4D4C-8611-79807C0A4FD3} = {5C9D3728-D6B8-4800-AED3-62B39DDCFF10}
	EndGlobalSection
	GlobalSection(ExtensibilityGlobals) = postSolution
		SolutionGuid = {680D1A82-46F9-48E5-AD15-F9CB893F7440}
	EndGlobalSection
EndGlobal
